// !$*UTF8*$!
{
	archiveVersion = 1;
	classes = {
	};
	objectVersion = 50;
	objects = {

/* Begin PBXBuildFile section */
		FAC6B370241B426F00F6AF59 /* AppDelegate.swift in Sources */ = {isa = PBXBuildFile; fileRef = FAC6B36F241B426F00F6AF59 /* AppDelegate.swift */; };
		FAC6B372241B426F00F6AF59 /* SceneDelegate.swift in Sources */ = {isa = PBXBuildFile; fileRef = FAC6B371241B426F00F6AF59 /* SceneDelegate.swift */; };
		FAC6B374241B426F00F6AF59 /* ViewController.swift in Sources */ = {isa = PBXBuildFile; fileRef = FAC6B373241B426F00F6AF59 /* ViewController.swift */; };
		FAC6B377241B426F00F6AF59 /* Main.storyboard in Resources */ = {isa = PBXBuildFile; fileRef = FAC6B375241B426F00F6AF59 /* Main.storyboard */; };
		FAC6B379241B427100F6AF59 /* Assets.xcassets in Resources */ = {isa = PBXBuildFile; fileRef = FAC6B378241B427100F6AF59 /* Assets.xcassets */; };
		FAC6B37C241B427100F6AF59 /* LaunchScreen.storyboard in Resources */ = {isa = PBXBuildFile; fileRef = FAC6B37A241B427100F6AF59 /* LaunchScreen.storyboard */; };
		FAC6B384241B42CA00F6AF59 /* GoogLeNetPlaces.mlmodel in Sources */ = {isa = PBXBuildFile; fileRef = FAC6B383241B42CA00F6AF59 /* GoogLeNetPlaces.mlmodel */; };
/* End PBXBuildFile section */

/* Begin PBXFileReference section */
		FAC6B36C241B426F00F6AF59 /* CoreMLVision.app */ = {isa = PBXFileReference; explicitFileType = wrapper.application; includeInIndex = 0; path = CoreMLVision.app; sourceTree = BUILT_PRODUCTS_DIR; };
		FAC6B36F241B426F00F6AF59 /* AppDelegate.swift */ = {isa = PBXFileReference; lastKnownFileType = sourcecode.swift; path = AppDelegate.swift; sourceTree = "<group>"; };
		FAC6B371241B426F00F6AF59 /* SceneDelegate.swift */ = {isa = PBXFileReference; lastKnownFileType = sourcecode.swift; path = SceneDelegate.swift; sourceTree = "<group>"; };
		FAC6B373241B426F00F6AF59 /* ViewController.swift */ = {isa = PBXFileReference; lastKnownFileType = sourcecode.swift; path = ViewController.swift; sourceTree = "<group>"; };
		FAC6B376241B426F00F6AF59 /* Base */ = {isa = PBXFileReference; lastKnownFileType = file.storyboard; name = Base; path = Base.lproj/Main.storyboard; sourceTree = "<group>"; };
		FAC6B378241B427100F6AF59 /* Assets.xcassets */ = {isa = PBXFileReference; lastKnownFileType = folder.assetcatalog; path = Assets.xcassets; sourceTree = "<group>"; };
		FAC6B37B241B427100F6AF59 /* Base */ = {isa = PBXFileReference; lastKnownFileType = file.storyboard; name = Base; path = Base.lproj/LaunchScreen.storyboard; sourceTree = "<group>"; };
		FAC6B37D241B427100F6AF59 /* Info.plist */ = {isa = PBXFileReference; lastKnownFileType = text.plist.xml; path = Info.plist; sourceTree = "<group>"; };
		FAC6B383241B42CA00F6AF59 /* GoogLeNetPlaces.mlmodel */ = {isa = PBXFileReference; lastKnownFileType = file.mlmodel; path = GoogLeNetPlaces.mlmodel; sourceTree = "<group>"; };
/* End PBXFileReference section */

/* Begin PBXFrameworksBuildPhase section */
		FAC6B369241B426F00F6AF59 /* Frameworks */ = {
			isa = PBXFrameworksBuildPhase;
			buildActionMask = 2147483647;
			files = (
			);
			runOnlyForDeploymentPostprocessing = 0;
		};
/* End PBXFrameworksBuildPhase section */

/* Begin PBXGroup section */
		FAC6B363241B426F00F6AF59 = {
			isa = PBXGroup;
			children = (
				FAC6B36E241B426F00F6AF59 /* CoreMLVision */,
				FAC6B36D241B426F00F6AF59 /* Products */,
			);
			sourceTree = "<group>";
		};
		FAC6B36D241B426F00F6AF59 /* Products */ = {
			isa = PBXGroup;
			children = (
				FAC6B36C241B426F00F6AF59 /* CoreMLVision.app */,
			);
			name = Products;
			sourceTree = "<group>";
		};
		FAC6B36E241B426F00F6AF59 /* CoreMLVision */ = {
			isa = PBXGroup;
			children = (
				FAC6B383241B42CA00F6AF59 /* GoogLeNetPlaces.mlmodel */,
				FAC6B36F241B426F00F6AF59 /* AppDelegate.swift */,
				FAC6B371241B426F00F6AF59 /* SceneDelegate.swift */,
				FAC6B373241B426F00F6AF59 /* ViewController.swift */,
				FAC6B375241B426F00F6AF59 /* Main.storyboard */,
				FAC6B378241B427100F6AF59 /* Assets.xcassets */,
				FAC6B37A241B427100F6AF59 /* LaunchScreen.storyboard */,
				FAC6B37D241B427100F6AF59 /* Info.plist */,
			);
			path = CoreMLVision;
			sourceTree = "<group>";
		};
/* End PBXGroup section */

/* Begin PBXNativeTarget section */
		FAC6B36B241B426F00F6AF59 /* CoreMLVision */ = {
			isa = PBXNativeTarget;
			buildConfigurationList = FAC6B380241B427100F6AF59 /* Build configuration list for PBXNativeTarget "CoreMLVision" */;
			buildPhases = (
				FAC6B368241B426F00F6AF59 /* Sources */,
				FAC6B369241B426F00F6AF59 /* Frameworks */,
				FAC6B36A241B426F00F6AF59 /* Resources */,
			);
			buildRules = (
			);
			dependencies = (
			);
			name = CoreMLVision;
			productName = CoreMLVision;
			productReference = FAC6B36C241B426F00F6AF59 /* CoreMLVision.app */;
			productType = "com.apple.product-type.application";
		};
/* End PBXNativeTarget section */

/* Begin PBXProject section */
		FAC6B364241B426F00F6AF59 /* Project object */ = {
			isa = PBXProject;
			attributes = {
				LastSwiftUpdateCheck = 1130;
				LastUpgradeCheck = 1130;
				ORGANIZATIONNAME = "Konrad Gnat";
				TargetAttributes = {
					FAC6B36B241B426F00F6AF59 = {
						CreatedOnToolsVersion = 11.3.1;
					};
				};
			};
			buildConfigurationList = FAC6B367241B426F00F6AF59 /* Build configuration list for PBXProject "CoreMLVision" */;
			compatibilityVersion = "Xcode 9.3";
			developmentRegion = en;
			hasScannedForEncodings = 0;
			knownRegions = (
				en,
				Base,
			);
			mainGroup = FAC6B363241B426F00F6AF59;
			productRefGroup = FAC6B36D241B426F00F6AF59 /* Products */;
			projectDirPath = "";
			projectRoot = "";
			targets = (
				FAC6B36B241B426F00F6AF59 /* CoreMLVision */,
			);
		};
/* End PBXProject section */

/* Begin PBXResourcesBuildPhase section */
		FAC6B36A241B426F00F6AF59 /* Resources */ = {
			isa = PBXResourcesBuildPhase;
			buildActionMask = 2147483647;
			files = (
				FAC6B37C241B427100F6AF59 /* LaunchScreen.storyboard in Resources */,
				FAC6B379241B427100F6AF59 /* Assets.xcassets in Resources */,
				FAC6B377241B426F00F6AF59 /* Main.storyboard in Resources */,
			);
			runOnlyForDeploymentPostprocessing = 0;
		};
/* End PBXResourcesBuildPhase section */

/* Begin PBXSourcesBuildPhase section */
		FAC6B368241B426F00F6AF59 /* Sources */ = {
			isa = PBXSourcesBuildPhase;
			buildActionMask = 2147483647;
			files = (
				FAC6B374241B426F00F6AF59 /* ViewController.swift in Sources */,
				FAC6B370241B426F00F6AF59 /* AppDelegate.swift in Sources */,
				FAC6B372241B426F00F6AF59 /* SceneDelegate.swift in Sources */,
				FAC6B384241B42CA00F6AF59 /* GoogLeNetPlaces.mlmodel in Sources */,
			);
			runOnlyForDeploymentPostprocessing = 0;
		};
/* End PBXSourcesBuildPhase section */

/* Begin PBXVariantGroup section */
		FAC6B375241B426F00F6AF59 /* Main.storyboard */ = {
			isa = PBXVariantGroup;
			children = (
				FAC6B376241B426F00F6AF59 /* Base */,
			);
			name = Main.storyboard;
			sourceTree = "<group>";
		};
		FAC6B37A241B427100F6AF59 /* LaunchScreen.storyboard */ = {
			isa = PBXVariantGroup;
			children = (
				FAC6B37B241B427100F6AF59 /* Base */,
			);
			name = LaunchScreen.storyboard;
			sourceTree = "<group>";
		};
/* End PBXVariantGroup section */

/* Begin XCBuildConfiguration section */
		FAC6B37E241B427100F6AF59 /* Debug */ = {
			isa = XCBuildConfiguration;
			buildSettings = {
				ALWAYS_SEARCH_USER_PATHS = NO;
				CLANG_ANALYZER_NONNULL = YES;
				CLANG_ANALYZER_NUMBER_OBJECT_CONVERSION = YES_AGGRESSIVE;
				CLANG_CXX_LANGUAGE_STANDARD = "gnu++14";
				CLANG_CXX_LIBRARY = "libc++";
				CLANG_ENABLE_MODULES = YES;
				CLANG_ENABLE_OBJC_ARC = YES;
				CLANG_ENABLE_OBJC_WEAK = YES;
				CLANG_WARN_BLOCK_CAPTURE_AUTORELEASING = YES;
				CLANG_WARN_BOOL_CONVERSION = YES;
				CLANG_WARN_COMMA = YES;
				CLANG_WARN_CONSTANT_CONVERSION = YES;
				CLANG_WARN_DEPRECATED_OBJC_IMPLEMENTATIONS = YES;
				CLANG_WARN_DIRECT_OBJC_ISA_USAGE = YES_ERROR;
				CLANG_WARN_DOCUMENTATION_COMMENTS = YES;
				CLANG_WARN_EMPTY_BODY = YES;
				CLANG_WARN_ENUM_CONVERSION = YES;
				CLANG_WARN_INFINITE_RECURSION = YES;
				CLANG_WARN_INT_CONVERSION = YES;
				CLANG_WARN_NON_LITERAL_NULL_CONVERSION = YES;
				CLANG_WARN_OBJC_IMPLICIT_RETAIN_SELF = YES;
				CLANG_WARN_OBJC_LITERAL_CONVERSION = YES;
				CLANG_WARN_OBJC_ROOT_CLASS = YES_ERROR;
				CLANG_WARN_RANGE_LOOP_ANALYSIS = YES;
				CLANG_WARN_STRICT_PROTOTYPES = YES;
				CLANG_WARN_SUSPICIOUS_MOVE = YES;
				CLANG_WARN_UNGUARDED_AVAILABILITY = YES_AGGRESSIVE;
				CLANG_WARN_UNREACHABLE_CODE = YES;
				CLANG_WARN__DUPLICATE_METHOD_MATCH = YES;
				COPY_PHASE_STRIP = NO;
				DEBUG_INFORMATION_FORMAT = dwarf;
				ENABLE_STRICT_OBJC_MSGSEND = YES;
				ENABLE_TESTABILITY = YES;
				GCC_C_LANGUAGE_STANDARD = gnu11;
				GCC_DYNAMIC_NO_PIC = NO;
				GCC_NO_COMMON_BLOCKS = YES;
				GCC_OPTIMIZATION_LEVEL = 0;
				GCC_PREPROCESSOR_DEFINITIONS = (
					"DEBUG=1",
					"$(inherited)",
				);
				GCC_WARN_64_TO_32_BIT_CONVERSION = YES;
				GCC_WARN_ABOUT_RETURN_TYPE = YES_ERROR;
				GCC_WARN_UNDECLARED_SELECTOR = YES;
				GCC_WARN_UNINITIALIZED_AUTOS = YES_AGGRESSIVE;
				GCC_WARN_UNUSED_FUNCTION = YES;
				GCC_WARN_UNUSED_VARIABLE = YES;
				IPHONEOS_DEPLOYMENT_TARGET = 13.2;
				MTL_ENABLE_DEBUG_INFO = INCLUDE_SOURCE;
				MTL_FAST_MATH = YES;
				ONLY_ACTIVE_ARCH = YES;
				SDKROOT = iphoneos;
				SWIFT_ACTIVE_COMPILATION_CONDITIONS = DEBUG;
				SWIFT_OPTIMIZATION_LEVEL = "-Onone";
			};
			name = Debug;
		};
		FAC6B37F241B427100F6AF59 /* Release */ = {
			isa = XCBuildConfiguration;
			buildSettings = {
				ALWAYS_SEARCH_USER_PATHS = NO;
				CLANG_ANALYZER_NONNULL = YES;
				CLANG_ANALYZER_NUMBER_OBJECT_CONVERSION = YES_AGGRESSIVE;
				CLANG_CXX_LANGUAGE_STANDARD = "gnu++14";
				CLANG_CXX_LIBRARY = "libc++";
				CLANG_ENABLE_MODULES = YES;
				CLANG_ENABLE_OBJC_ARC = YES;
				CLANG_ENABLE_OBJC_WEAK = YES;
				CLANG_WARN_BLOCK_CAPTURE_AUTORELEASING = YES;
				CLANG_WARN_BOOL_CONVERSION = YES;
				CLANG_WARN_COMMA = YES;
				CLANG_WARN_CONSTANT_CONVERSION = YES;
				CLANG_WARN_DEPRECATED_OBJC_IMPLEMENTATIONS = YES;
				CLANG_WARN_DIRECT_OBJC_ISA_USAGE = YES_ERROR;
				CLANG_WARN_DOCUMENTATION_COMMENTS = YES;
				CLANG_WARN_EMPTY_BODY = YES;
				CLANG_WARN_ENUM_CONVERSION = YES;
				CLANG_WARN_INFINITE_RECURSION = YES;
				CLANG_WARN_INT_CONVERSION = YES;
				CLANG_WARN_NON_LITERAL_NULL_CONVERSION = YES;
				CLANG_WARN_OBJC_IMPLICIT_RETAIN_SELF = YES;
				CLANG_WARN_OBJC_LITERAL_CONVERSION = YES;
				CLANG_WARN_OBJC_ROOT_CLASS = YES_ERROR;
				CLANG_WARN_RANGE_LOOP_ANALYSIS = YES;
				CLANG_WARN_STRICT_PROTOTYPES = YES;
				CLANG_WARN_SUSPICIOUS_MOVE = YES;
				CLANG_WARN_UNGUARDED_AVAILABILITY = YES_AGGRESSIVE;
				CLANG_WARN_UNREACHABLE_CODE = YES;
				CLANG_WARN__DUPLICATE_METHOD_MATCH = YES;
				COPY_PHASE_STRIP = NO;
				DEBUG_INFORMATION_FORMAT = "dwarf-with-dsym";
				ENABLE_NS_ASSERTIONS = NO;
				ENABLE_STRICT_OBJC_MSGSEND = YES;
				GCC_C_LANGUAGE_STANDARD = gnu11;
				GCC_NO_COMMON_BLOCKS = YES;
				GCC_WARN_64_TO_32_BIT_CONVERSION = YES;
				GCC_WARN_ABOUT_RETURN_TYPE = YES_ERROR;
				GCC_WARN_UNDECLARED_SELECTOR = YES;
				GCC_WARN_UNINITIALIZED_AUTOS = YES_AGGRESSIVE;
				GCC_WARN_UNUSED_FUNCTION = YES;
				GCC_WARN_UNUSED_VARIABLE = YES;
				IPHONEOS_DEPLOYMENT_TARGET = 13.2;
				MTL_ENABLE_DEBUG_INFO = NO;
				MTL_FAST_MATH = YES;
				SDKROOT = iphoneos;
				SWIFT_COMPILATION_MODE = wholemodule;
				SWIFT_OPTIMIZATION_LEVEL = "-O";
				VALIDATE_PRODUCT = YES;
			};
			name = Release;
		};
		FAC6B381241B427100F6AF59 /* Debug */ = {
			isa = XCBuildConfiguration;
			buildSettings = {
				ASSETCATALOG_COMPILER_APPICON_NAME = AppIcon;
				CODE_SIGN_STYLE = Automatic;
				DEVELOPMENT_TEAM = GA978N825M;
				INFOPLIST_FILE = CoreMLVision/Info.plist;
				LD_RUNPATH_SEARCH_PATHS = (
					"$(inherited)",
					"@executable_path/Frameworks",
				);
				PRODUCT_BUNDLE_IDENTIFIER = com.konradgnat.CoreMLVision;
				PRODUCT_NAME = "$(TARGET_NAME)";
				SWIFT_VERSION = 5.0;
				TARGETED_DEVICE_FAMILY = "1,2";
			};
			name = Debug;
		};
		FAC6B382241B427100F6AF59 /* Release */ = {
			isa = XCBuildConfiguration;
			buildSettings = {
				ASSETCATALOG_COMPILER_APPICON_NAME = AppIcon;
				CODE_SIGN_STYLE = Automatic;
				DEVELOPMENT_TEAM = GA978N825M;
				INFOPLIST_FILE = CoreMLVision/Info.plist;
				LD_RUNPATH_SEARCH_PATHS = (
					"$(inherited)",
					"@executable_path/Frameworks",
				);
				PRODUCT_BUNDLE_IDENTIFIER = com.konradgnat.CoreMLVision;
				PRODUCT_NAME = "$(TARGET_NAME)";
				SWIFT_VERSION = 5.0;
				TARGETED_DEVICE_FAMILY = "1,2";
			};
			name = Release;
		};
/* End XCBuildConfiguration section */

/* Begin XCConfigurationList section */
		FAC6B367241B426F00F6AF59 /* Build configuration list for PBXProject "CoreMLVision" */ = {
			isa = XCConfigurationList;
			buildConfigurations = (
				FAC6B37E241B427100F6AF59 /* Debug */,
				FAC6B37F241B427100F6AF59 /* Release */,
			);
			defaultConfigurationIsVisible = 0;
			defaultConfigurationName = Release;
		};
		FAC6B380241B427100F6AF59 /* Build configuration list for PBXNativeTarget "CoreMLVision" */ = {
			isa = XCConfigurationList;
			buildConfigurations = (
				FAC6B381241B427100F6AF59 /* Debug */,
				FAC6B382241B427100F6AF59 /* Release */,
			);
			defaultConfigurationIsVisible = 0;
			defaultConfigurationName = Release;
		};
/* End XCConfigurationList section */
	};
	rootObject = FAC6B364241B426F00F6AF59 /* Project object */;
}
